// !$*UTF8*$!
{
	archiveVersion = 1;
	classes = {
	};
	objectVersion = 70;
	objects = {

/* Begin PBXBuildFile section */
		5F28A9A12CBF0A7F0052C239 /* LocationSearchView.swift in Sources */ = {isa = PBXBuildFile; fileRef = 5F28A9A02CBF0A7F0052C239 /* LocationSearchView.swift */; };
		5F353C4E2CBF4CBE0070DE50 /* CommentScreen.swift in Sources */ = {isa = PBXBuildFile; fileRef = 5F353C4D2CBF4CBE0070DE50 /* CommentScreen.swift */; };
		5F8E68622CD8244500173861 /* EditPostView.swift in Sources */ = {isa = PBXBuildFile; fileRef = 5F8E68612CD8242C00173861 /* EditPostView.swift */; };
		5F9DBADD2CD32F8200CFA789 /* GoogleService-Info.plist in Resources */ = {isa = PBXBuildFile; fileRef = 5F9DBADC2CD32E0300CFA789 /* GoogleService-Info.plist */; };
		5F9F97832CBC490B00021BAA /* IOSspecimencopy1App.swift in Sources */ = {isa = PBXBuildFile; fileRef = 5F9F97822CBC490B00021BAA /* IOSspecimencopy1App.swift */; };
		5F9F97852CBC490B00021BAA /* ContentView.swift in Sources */ = {isa = PBXBuildFile; fileRef = 5F9F97842CBC490B00021BAA /* ContentView.swift */; };
		5F9F97872CBC490C00021BAA /* Assets.xcassets in Resources */ = {isa = PBXBuildFile; fileRef = 5F9F97862CBC490C00021BAA /* Assets.xcassets */; };
		5F9F978A2CBC490C00021BAA /* Preview Assets.xcassets in Resources */ = {isa = PBXBuildFile; fileRef = 5F9F97892CBC490C00021BAA /* Preview Assets.xcassets */; };
		5F9F97942CBC490C00021BAA /* IOSspecimencopy1Tests.swift in Sources */ = {isa = PBXBuildFile; fileRef = 5F9F97932CBC490C00021BAA /* IOSspecimencopy1Tests.swift */; };
		5F9F979E2CBC490C00021BAA /* IOSspecimencopy1UITests.swift in Sources */ = {isa = PBXBuildFile; fileRef = 5F9F979D2CBC490C00021BAA /* IOSspecimencopy1UITests.swift */; };
		5F9F97A02CBC490C00021BAA /* IOSspecimencopy1UITestsLaunchTests.swift in Sources */ = {isa = PBXBuildFile; fileRef = 5F9F979F2CBC490C00021BAA /* IOSspecimencopy1UITestsLaunchTests.swift */; };
		5F9F97B02CBC4AAE00021BAA /* SplashView.swift in Sources */ = {isa = PBXBuildFile; fileRef = 5F9F97AF2CBC4AAE00021BAA /* SplashView.swift */; };
		5F9F97B42CBC4AEE00021BAA /* SignInView.swift in Sources */ = {isa = PBXBuildFile; fileRef = 5F9F97B32CBC4AEE00021BAA /* SignInView.swift */; };
		5F9F97B62CBC4AFD00021BAA /* SignUpView.swift in Sources */ = {isa = PBXBuildFile; fileRef = 5F9F97B52CBC4AFD00021BAA /* SignUpView.swift */; };
		5F9F97B82CBC4B0E00021BAA /* ForgotPasswordView.swift in Sources */ = {isa = PBXBuildFile; fileRef = 5F9F97B72CBC4B0E00021BAA /* ForgotPasswordView.swift */; };
		5F9F97BA2CBC4B1D00021BAA /* HomeView.swift in Sources */ = {isa = PBXBuildFile; fileRef = 5F9F97B92CBC4B1D00021BAA /* HomeView.swift */; };
		5F9F97BC2CBC4B3100021BAA /* EditProfileView.swift in Sources */ = {isa = PBXBuildFile; fileRef = 5F9F97BB2CBC4B3100021BAA /* EditProfileView.swift */; };
		5F9F97BE2CBC4BCF00021BAA /* HomeTab.swift in Sources */ = {isa = PBXBuildFile; fileRef = 5F9F97BD2CBC4BCF00021BAA /* HomeTab.swift */; };
		5F9F97C02CBC4BEF00021BAA /* ProfileTab.swift in Sources */ = {isa = PBXBuildFile; fileRef = 5F9F97BF2CBC4BEF00021BAA /* ProfileTab.swift */; };
		5F9F97C22CBC4C0900021BAA /* PostTab.swift in Sources */ = {isa = PBXBuildFile; fileRef = 5F9F97C12CBC4C0900021BAA /* PostTab.swift */; };
		5F9F97C42CBC4C1800021BAA /* FollowersTab.swift in Sources */ = {isa = PBXBuildFile; fileRef = 5F9F97C32CBC4C1800021BAA /* FollowersTab.swift */; };
		5F9F97C62CBC4C7A00021BAA /* FirebaseService.swift in Sources */ = {isa = PBXBuildFile; fileRef = 5F9F97C52CBC4C7A00021BAA /* FirebaseService.swift */; };
		5F9F97C82CBC4CA800021BAA /* ImagePicker.swift in Sources */ = {isa = PBXBuildFile; fileRef = 5F9F97C72CBC4CA800021BAA /* ImagePicker.swift */; };
		5F9F97CD2CBC4D7B00021BAA /* FirebaseAuth in Frameworks */ = {isa = PBXBuildFile; productRef = 5F9F97CC2CBC4D7B00021BAA /* FirebaseAuth */; };
		5F9F97CF2CBC4D7B00021BAA /* FirebaseCore in Frameworks */ = {isa = PBXBuildFile; productRef = 5F9F97CE2CBC4D7B00021BAA /* FirebaseCore */; };
		5F9F97D12CBC4D7B00021BAA /* FirebaseDatabase in Frameworks */ = {isa = PBXBuildFile; productRef = 5F9F97D02CBC4D7B00021BAA /* FirebaseDatabase */; };
		5F9F97D32CBC4D7B00021BAA /* FirebaseFirestore in Frameworks */ = {isa = PBXBuildFile; productRef = 5F9F97D22CBC4D7B00021BAA /* FirebaseFirestore */; };
		5F9F97D52CBC4D7B00021BAA /* FirebaseStorage in Frameworks */ = {isa = PBXBuildFile; productRef = 5F9F97D42CBC4D7B00021BAA /* FirebaseStorage */; };
		5FC493C12CD2D24F00EF138E /* AppUser.swift in Sources */ = {isa = PBXBuildFile; fileRef = 5FC493C02CD2D24600EF138E /* AppUser.swift */; };
		5FCCD3C32CBF643F00C341D2 /* LocationSearchScreen.swift in Sources */ = {isa = PBXBuildFile; fileRef = 5FCCD3C22CBF643F00C341D2 /* LocationSearchScreen.swift */; };
		5FCCD3C52CBF777A00C341D2 /* UserPostsScreen.swift in Sources */ = {isa = PBXBuildFile; fileRef = 5FCCD3C42CBF777A00C341D2 /* UserPostsScreen.swift */; };
		5FF6DEA92CBC9F9E00E4DEEA /* FollowersView.swift in Sources */ = {isa = PBXBuildFile; fileRef = 5FF6DEA82CBC9F9E00E4DEEA /* FollowersView.swift */; };
		5FF6DEAB2CBCA15D00E4DEEA /* FollowingScreen.swift in Sources */ = {isa = PBXBuildFile; fileRef = 5FF6DEAA2CBCA15D00E4DEEA /* FollowingScreen.swift */; };
/* End PBXBuildFile section */

/* Begin PBXContainerItemProxy section */
		5F9F97902CBC490C00021BAA /* PBXContainerItemProxy */ = {
			isa = PBXContainerItemProxy;
			containerPortal = 5F9F97772CBC490B00021BAA /* Project object */;
			proxyType = 1;
			remoteGlobalIDString = 5F9F977E2CBC490B00021BAA;
			remoteInfo = IOSspecimencopy1;
		};
		5F9F979A2CBC490C00021BAA /* PBXContainerItemProxy */ = {
			isa = PBXContainerItemProxy;
			containerPortal = 5F9F97772CBC490B00021BAA /* Project object */;
			proxyType = 1;
			remoteGlobalIDString = 5F9F977E2CBC490B00021BAA;
			remoteInfo = IOSspecimencopy1;
		};
/* End PBXContainerItemProxy section */

/* Begin PBXFileReference section */
		5F28A9A02CBF0A7F0052C239 /* LocationSearchView.swift */ = {isa = PBXFileReference; lastKnownFileType = sourcecode.swift; path = LocationSearchView.swift; sourceTree = "<group>"; };
		5F353C4D2CBF4CBE0070DE50 /* CommentScreen.swift */ = {isa = PBXFileReference; lastKnownFileType = sourcecode.swift; path = CommentScreen.swift; sourceTree = "<group>"; };
		5F8E68612CD8242C00173861 /* EditPostView.swift */ = {isa = PBXFileReference; lastKnownFileType = sourcecode.swift; path = EditPostView.swift; sourceTree = "<group>"; };
		5F9DBADC2CD32E0300CFA789 /* GoogleService-Info.plist */ = {isa = PBXFileReference; lastKnownFileType = text.plist.xml; path = "GoogleService-Info.plist"; sourceTree = "<group>"; };
		5F9F977F2CBC490B00021BAA /* IOSspecimencopy1.app */ = {isa = PBXFileReference; explicitFileType = wrapper.application; includeInIndex = 0; path = IOSspecimencopy1.app; sourceTree = BUILT_PRODUCTS_DIR; };
		5F9F97822CBC490B00021BAA /* IOSspecimencopy1App.swift */ = {isa = PBXFileReference; lastKnownFileType = sourcecode.swift; path = IOSspecimencopy1App.swift; sourceTree = "<group>"; };
		5F9F97842CBC490B00021BAA /* ContentView.swift */ = {isa = PBXFileReference; lastKnownFileType = sourcecode.swift; path = ContentView.swift; sourceTree = "<group>"; };
		5F9F97862CBC490C00021BAA /* Assets.xcassets */ = {isa = PBXFileReference; lastKnownFileType = folder.assetcatalog; path = Assets.xcassets; sourceTree = "<group>"; };
		5F9F97892CBC490C00021BAA /* Preview Assets.xcassets */ = {isa = PBXFileReference; lastKnownFileType = folder.assetcatalog; path = "Preview Assets.xcassets"; sourceTree = "<group>"; };
		5F9F978F2CBC490C00021BAA /* IOSspecimencopy1Tests.xctest */ = {isa = PBXFileReference; explicitFileType = wrapper.cfbundle; includeInIndex = 0; path = IOSspecimencopy1Tests.xctest; sourceTree = BUILT_PRODUCTS_DIR; };
		5F9F97932CBC490C00021BAA /* IOSspecimencopy1Tests.swift */ = {isa = PBXFileReference; lastKnownFileType = sourcecode.swift; path = IOSspecimencopy1Tests.swift; sourceTree = "<group>"; };
		5F9F97992CBC490C00021BAA /* IOSspecimencopy1UITests.xctest */ = {isa = PBXFileReference; explicitFileType = wrapper.cfbundle; includeInIndex = 0; path = IOSspecimencopy1UITests.xctest; sourceTree = BUILT_PRODUCTS_DIR; };
		5F9F979D2CBC490C00021BAA /* IOSspecimencopy1UITests.swift */ = {isa = PBXFileReference; lastKnownFileType = sourcecode.swift; path = IOSspecimencopy1UITests.swift; sourceTree = "<group>"; };
		5F9F979F2CBC490C00021BAA /* IOSspecimencopy1UITestsLaunchTests.swift */ = {isa = PBXFileReference; lastKnownFileType = sourcecode.swift; path = IOSspecimencopy1UITestsLaunchTests.swift; sourceTree = "<group>"; };
		5F9F97AF2CBC4AAE00021BAA /* SplashView.swift */ = {isa = PBXFileReference; lastKnownFileType = sourcecode.swift; path = SplashView.swift; sourceTree = "<group>"; };
		5F9F97B32CBC4AEE00021BAA /* SignInView.swift */ = {isa = PBXFileReference; lastKnownFileType = sourcecode.swift; path = SignInView.swift; sourceTree = "<group>"; };
		5F9F97B52CBC4AFD00021BAA /* SignUpView.swift */ = {isa = PBXFileReference; lastKnownFileType = sourcecode.swift; path = SignUpView.swift; sourceTree = "<group>"; };
		5F9F97B72CBC4B0E00021BAA /* ForgotPasswordView.swift */ = {isa = PBXFileReference; lastKnownFileType = sourcecode.swift; path = ForgotPasswordView.swift; sourceTree = "<group>"; };
		5F9F97B92CBC4B1D00021BAA /* HomeView.swift */ = {isa = PBXFileReference; lastKnownFileType = sourcecode.swift; path = HomeView.swift; sourceTree = "<group>"; };
		5F9F97BB2CBC4B3100021BAA /* EditProfileView.swift */ = {isa = PBXFileReference; lastKnownFileType = sourcecode.swift; path = EditProfileView.swift; sourceTree = "<group>"; };
		5F9F97BD2CBC4BCF00021BAA /* HomeTab.swift */ = {isa = PBXFileReference; lastKnownFileType = sourcecode.swift; path = HomeTab.swift; sourceTree = "<group>"; };
		5F9F97BF2CBC4BEF00021BAA /* ProfileTab.swift */ = {isa = PBXFileReference; lastKnownFileType = sourcecode.swift; path = ProfileTab.swift; sourceTree = "<group>"; };
		5F9F97C12CBC4C0900021BAA /* PostTab.swift */ = {isa = PBXFileReference; lastKnownFileType = sourcecode.swift; path = PostTab.swift; sourceTree = "<group>"; };
		5F9F97C32CBC4C1800021BAA /* FollowersTab.swift */ = {isa = PBXFileReference; lastKnownFileType = sourcecode.swift; path = FollowersTab.swift; sourceTree = "<group>"; };
		5F9F97C52CBC4C7A00021BAA /* FirebaseService.swift */ = {isa = PBXFileReference; lastKnownFileType = sourcecode.swift; path = FirebaseService.swift; sourceTree = "<group>"; };
		5F9F97C72CBC4CA800021BAA /* ImagePicker.swift */ = {isa = PBXFileReference; lastKnownFileType = sourcecode.swift; path = ImagePicker.swift; sourceTree = "<group>"; };
		5FC493C02CD2D24600EF138E /* AppUser.swift */ = {isa = PBXFileReference; lastKnownFileType = sourcecode.swift; path = AppUser.swift; sourceTree = "<group>"; };
		5FCCD3C22CBF643F00C341D2 /* LocationSearchScreen.swift */ = {isa = PBXFileReference; lastKnownFileType = sourcecode.swift; path = LocationSearchScreen.swift; sourceTree = "<group>"; };
		5FCCD3C42CBF777A00C341D2 /* UserPostsScreen.swift */ = {isa = PBXFileReference; lastKnownFileType = sourcecode.swift; path = UserPostsScreen.swift; sourceTree = "<group>"; };
		5FF6DEA82CBC9F9E00E4DEEA /* FollowersView.swift */ = {isa = PBXFileReference; lastKnownFileType = sourcecode.swift; path = FollowersView.swift; sourceTree = "<group>"; };
		5FF6DEAA2CBCA15D00E4DEEA /* FollowingScreen.swift */ = {isa = PBXFileReference; lastKnownFileType = sourcecode.swift; path = FollowingScreen.swift; sourceTree = "<group>"; };
/* End PBXFileReference section */

/* Begin PBXFileSystemSynchronizedRootGroup section */
		5F8E68592CD8220500173861 /* Moderator */ = {isa = PBXFileSystemSynchronizedRootGroup; explicitFileTypes = {}; explicitFolders = (); path = Moderator; sourceTree = "<group>"; };
		5F8E68602CD822E500173861 /* Admin */ = {isa = PBXFileSystemSynchronizedRootGroup; explicitFileTypes = {}; explicitFolders = (); path = Admin; sourceTree = "<group>"; };
/* End PBXFileSystemSynchronizedRootGroup section */

/* Begin PBXFrameworksBuildPhase section */
		5F9F977C2CBC490B00021BAA /* Frameworks */ = {
			isa = PBXFrameworksBuildPhase;
			buildActionMask = 2147483647;
			files = (
				5F9F97D12CBC4D7B00021BAA /* FirebaseDatabase in Frameworks */,
				5F9F97D32CBC4D7B00021BAA /* FirebaseFirestore in Frameworks */,
				5F9F97CF2CBC4D7B00021BAA /* FirebaseCore in Frameworks */,
				5F9F97D52CBC4D7B00021BAA /* FirebaseStorage in Frameworks */,
				5F9F97CD2CBC4D7B00021BAA /* FirebaseAuth in Frameworks */,
			);
			runOnlyForDeploymentPostprocessing = 0;
		};
		5F9F978C2CBC490C00021BAA /* Frameworks */ = {
			isa = PBXFrameworksBuildPhase;
			buildActionMask = 2147483647;
			files = (
			);
			runOnlyForDeploymentPostprocessing = 0;
		};
		5F9F97962CBC490C00021BAA /* Frameworks */ = {
			isa = PBXFrameworksBuildPhase;
			buildActionMask = 2147483647;
			files = (
			);
			runOnlyForDeploymentPostprocessing = 0;
		};
/* End PBXFrameworksBuildPhase section */

/* Begin PBXGroup section */
		5F9F97762CBC490B00021BAA = {
			isa = PBXGroup;
			children = (
				5F9DBADC2CD32E0300CFA789 /* GoogleService-Info.plist */,
				5F9F97812CBC490B00021BAA /* IOSspecimencopy1 */,
				5F9F97922CBC490C00021BAA /* IOSspecimencopy1Tests */,
				5F9F979C2CBC490C00021BAA /* IOSspecimencopy1UITests */,
				5F9F97802CBC490B00021BAA /* Products */,
			);
			sourceTree = "<group>";
		};
		5F9F97802CBC490B00021BAA /* Products */ = {
			isa = PBXGroup;
			children = (
				5F9F977F2CBC490B00021BAA /* IOSspecimencopy1.app */,
				5F9F978F2CBC490C00021BAA /* IOSspecimencopy1Tests.xctest */,
				5F9F97992CBC490C00021BAA /* IOSspecimencopy1UITests.xctest */,
			);
			name = Products;
			sourceTree = "<group>";
		};
		5F9F97812CBC490B00021BAA /* IOSspecimencopy1 */ = {
			isa = PBXGroup;
			children = (
				5FC493C02CD2D24600EF138E /* AppUser.swift */,
				5F9F97AD2CBC4A8100021BAA /* Views */,
				5F9F97AC2CBC4A6E00021BAA /* Services */,
				5F9F97822CBC490B00021BAA /* IOSspecimencopy1App.swift */,
				5F9F97842CBC490B00021BAA /* ContentView.swift */,
				5F9F97862CBC490C00021BAA /* Assets.xcassets */,
				5F9F97882CBC490C00021BAA /* Preview Content */,
			);
			path = IOSspecimencopy1;
			sourceTree = "<group>";
		};
		5F9F97882CBC490C00021BAA /* Preview Content */ = {
			isa = PBXGroup;
			children = (
				5F9F97892CBC490C00021BAA /* Preview Assets.xcassets */,
			);
			path = "Preview Content";
			sourceTree = "<group>";
		};
		5F9F97922CBC490C00021BAA /* IOSspecimencopy1Tests */ = {
			isa = PBXGroup;
			children = (
				5F9F97932CBC490C00021BAA /* IOSspecimencopy1Tests.swift */,
			);
			path = IOSspecimencopy1Tests;
			sourceTree = "<group>";
		};
		5F9F979C2CBC490C00021BAA /* IOSspecimencopy1UITests */ = {
			isa = PBXGroup;
			children = (
				5F9F979D2CBC490C00021BAA /* IOSspecimencopy1UITests.swift */,
				5F9F979F2CBC490C00021BAA /* IOSspecimencopy1UITestsLaunchTests.swift */,
			);
			path = IOSspecimencopy1UITests;
			sourceTree = "<group>";
		};
		5F9F97AC2CBC4A6E00021BAA /* Services */ = {
			isa = PBXGroup;
			children = (
				5F9F97C52CBC4C7A00021BAA /* FirebaseService.swift */,
				5F9F97C72CBC4CA800021BAA /* ImagePicker.swift */,
			);
			path = Services;
			sourceTree = "<group>";
		};
		5F9F97AD2CBC4A8100021BAA /* Views */ = {
			isa = PBXGroup;
			children = (
				5F8E68602CD822E500173861 /* Admin */,
				5F8E68592CD8220500173861 /* Moderator */,
				5F9F97AE2CBC4A9400021BAA /* Tabs */,
				5FF6DEAA2CBCA15D00E4DEEA /* FollowingScreen.swift */,
				5FF6DEA82CBC9F9E00E4DEEA /* FollowersView.swift */,
				5F8E68612CD8242C00173861 /* EditPostView.swift */,
				5F9F97AF2CBC4AAE00021BAA /* SplashView.swift */,
				5F9F97B32CBC4AEE00021BAA /* SignInView.swift */,
				5F9F97B52CBC4AFD00021BAA /* SignUpView.swift */,
				5F9F97B72CBC4B0E00021BAA /* ForgotPasswordView.swift */,
				5F9F97B92CBC4B1D00021BAA /* HomeView.swift */,
				5F9F97BB2CBC4B3100021BAA /* EditProfileView.swift */,
				5F28A9A02CBF0A7F0052C239 /* LocationSearchView.swift */,
				5F353C4D2CBF4CBE0070DE50 /* CommentScreen.swift */,
				5FCCD3C22CBF643F00C341D2 /* LocationSearchScreen.swift */,
				5FCCD3C42CBF777A00C341D2 /* UserPostsScreen.swift */,
			);
			path = Views;
			sourceTree = "<group>";
		};
		5F9F97AE2CBC4A9400021BAA /* Tabs */ = {
			isa = PBXGroup;
			children = (
				5F9F97BD2CBC4BCF00021BAA /* HomeTab.swift */,
				5F9F97BF2CBC4BEF00021BAA /* ProfileTab.swift */,
				5F9F97C12CBC4C0900021BAA /* PostTab.swift */,
				5F9F97C32CBC4C1800021BAA /* FollowersTab.swift */,
			);
			path = Tabs;
			sourceTree = "<group>";
		};
/* End PBXGroup section */

/* Begin PBXNativeTarget section */
		5F9F977E2CBC490B00021BAA /* IOSspecimencopy1 */ = {
			isa = PBXNativeTarget;
			buildConfigurationList = 5F9F97A32CBC490C00021BAA /* Build configuration list for PBXNativeTarget "IOSspecimencopy1" */;
			buildPhases = (
				5F9F977B2CBC490B00021BAA /* Sources */,
				5F9F977C2CBC490B00021BAA /* Frameworks */,
				5F9F977D2CBC490B00021BAA /* Resources */,
			);
			buildRules = (
			);
			dependencies = (
			);
			fileSystemSynchronizedGroups = (
				5F8E68592CD8220500173861 /* Moderator */,
				5F8E68602CD822E500173861 /* Admin */,
			);
			name = IOSspecimencopy1;
			packageProductDependencies = (
				5F9F97CC2CBC4D7B00021BAA /* FirebaseAuth */,
				5F9F97CE2CBC4D7B00021BAA /* FirebaseCore */,
				5F9F97D02CBC4D7B00021BAA /* FirebaseDatabase */,
				5F9F97D22CBC4D7B00021BAA /* FirebaseFirestore */,
				5F9F97D42CBC4D7B00021BAA /* FirebaseStorage */,
			);
			productName = IOSspecimencopy1;
			productReference = 5F9F977F2CBC490B00021BAA /* IOSspecimencopy1.app */;
			productType = "com.apple.product-type.application";
		};
		5F9F978E2CBC490C00021BAA /* IOSspecimencopy1Tests */ = {
			isa = PBXNativeTarget;
			buildConfigurationList = 5F9F97A62CBC490C00021BAA /* Build configuration list for PBXNativeTarget "IOSspecimencopy1Tests" */;
			buildPhases = (
				5F9F978B2CBC490C00021BAA /* Sources */,
				5F9F978C2CBC490C00021BAA /* Frameworks */,
				5F9F978D2CBC490C00021BAA /* Resources */,
			);
			buildRules = (
			);
			dependencies = (
				5F9F97912CBC490C00021BAA /* PBXTargetDependency */,
			);
			name = IOSspecimencopy1Tests;
			productName = IOSspecimencopy1Tests;
			productReference = 5F9F978F2CBC490C00021BAA /* IOSspecimencopy1Tests.xctest */;
			productType = "com.apple.product-type.bundle.unit-test";
		};
		5F9F97982CBC490C00021BAA /* IOSspecimencopy1UITests */ = {
			isa = PBXNativeTarget;
			buildConfigurationList = 5F9F97A92CBC490C00021BAA /* Build configuration list for PBXNativeTarget "IOSspecimencopy1UITests" */;
			buildPhases = (
				5F9F97952CBC490C00021BAA /* Sources */,
				5F9F97962CBC490C00021BAA /* Frameworks */,
				5F9F97972CBC490C00021BAA /* Resources */,
			);
			buildRules = (
			);
			dependencies = (
				5F9F979B2CBC490C00021BAA /* PBXTargetDependency */,
			);
			name = IOSspecimencopy1UITests;
			productName = IOSspecimencopy1UITests;
			productReference = 5F9F97992CBC490C00021BAA /* IOSspecimencopy1UITests.xctest */;
			productType = "com.apple.product-type.bundle.ui-testing";
		};
/* End PBXNativeTarget section */

/* Begin PBXProject section */
		5F9F97772CBC490B00021BAA /* Project object */ = {
			isa = PBXProject;
			attributes = {
				BuildIndependentTargetsInParallel = 1;
				LastSwiftUpdateCheck = 1540;
				LastUpgradeCheck = 1540;
				TargetAttributes = {
					5F9F977E2CBC490B00021BAA = {
						CreatedOnToolsVersion = 15.4;
					};
					5F9F978E2CBC490C00021BAA = {
						CreatedOnToolsVersion = 15.4;
						TestTargetID = 5F9F977E2CBC490B00021BAA;
					};
					5F9F97982CBC490C00021BAA = {
						CreatedOnToolsVersion = 15.4;
						TestTargetID = 5F9F977E2CBC490B00021BAA;
					};
				};
			};
			buildConfigurationList = 5F9F977A2CBC490B00021BAA /* Build configuration list for PBXProject "IOSspecimencopy1" */;
			compatibilityVersion = "Xcode 14.0";
			developmentRegion = en;
			hasScannedForEncodings = 0;
			knownRegions = (
				en,
				Base,
			);
			mainGroup = 5F9F97762CBC490B00021BAA;
			packageReferences = (
				5F9F97CB2CBC4D7B00021BAA /* XCRemoteSwiftPackageReference "firebase-ios-sdk" */,
			);
			productRefGroup = 5F9F97802CBC490B00021BAA /* Products */;
			projectDirPath = "";
			projectRoot = "";
			targets = (
				5F9F977E2CBC490B00021BAA /* IOSspecimencopy1 */,
				5F9F978E2CBC490C00021BAA /* IOSspecimencopy1Tests */,
				5F9F97982CBC490C00021BAA /* IOSspecimencopy1UITests */,
			);
		};
/* End PBXProject section */

/* Begin PBXResourcesBuildPhase section */
		5F9F977D2CBC490B00021BAA /* Resources */ = {
			isa = PBXResourcesBuildPhase;
			buildActionMask = 2147483647;
			files = (
				5F9DBADD2CD32F8200CFA789 /* GoogleService-Info.plist in Resources */,
				5F9F978A2CBC490C00021BAA /* Preview Assets.xcassets in Resources */,
				5F9F97872CBC490C00021BAA /* Assets.xcassets in Resources */,
			);
			runOnlyForDeploymentPostprocessing = 0;
		};
		5F9F978D2CBC490C00021BAA /* Resources */ = {
			isa = PBXResourcesBuildPhase;
			buildActionMask = 2147483647;
			files = (
			);
			runOnlyForDeploymentPostprocessing = 0;
		};
		5F9F97972CBC490C00021BAA /* Resources */ = {
			isa = PBXResourcesBuildPhase;
			buildActionMask = 2147483647;
			files = (
			);
			runOnlyForDeploymentPostprocessing = 0;
		};
/* End PBXResourcesBuildPhase section */

/* Begin PBXSourcesBuildPhase section */
		5F9F977B2CBC490B00021BAA /* Sources */ = {
			isa = PBXSourcesBuildPhase;
			buildActionMask = 2147483647;
			files = (
				5F9F97852CBC490B00021BAA /* ContentView.swift in Sources */,
				5FF6DEAB2CBCA15D00E4DEEA /* FollowingScreen.swift in Sources */,
				5F9F97BA2CBC4B1D00021BAA /* HomeView.swift in Sources */,
				5F9F97BC2CBC4B3100021BAA /* EditProfileView.swift in Sources */,
				5F9F97C82CBC4CA800021BAA /* ImagePicker.swift in Sources */,
				5FC493C12CD2D24F00EF138E /* AppUser.swift in Sources */,
				5FF6DEA92CBC9F9E00E4DEEA /* FollowersView.swift in Sources */,
				5F9F97B62CBC4AFD00021BAA /* SignUpView.swift in Sources */,
				5F9F97832CBC490B00021BAA /* IOSspecimencopy1App.swift in Sources */,
				5F28A9A12CBF0A7F0052C239 /* LocationSearchView.swift in Sources */,
				5F9F97C42CBC4C1800021BAA /* FollowersTab.swift in Sources */,
				5FCCD3C32CBF643F00C341D2 /* LocationSearchScreen.swift in Sources */,
				5F8E68622CD8244500173861 /* EditPostView.swift in Sources */,
				5F9F97C02CBC4BEF00021BAA /* ProfileTab.swift in Sources */,
				5FCCD3C52CBF777A00C341D2 /* UserPostsScreen.swift in Sources */,
				5F9F97C62CBC4C7A00021BAA /* FirebaseService.swift in Sources */,
				5F9F97B42CBC4AEE00021BAA /* SignInView.swift in Sources */,
				5F353C4E2CBF4CBE0070DE50 /* CommentScreen.swift in Sources */,
				5F9F97BE2CBC4BCF00021BAA /* HomeTab.swift in Sources */,
				5F9F97C22CBC4C0900021BAA /* PostTab.swift in Sources */,
				5F9F97B82CBC4B0E00021BAA /* ForgotPasswordView.swift in Sources */,
				5F9F97B02CBC4AAE00021BAA /* SplashView.swift in Sources */,
			);
			runOnlyForDeploymentPostprocessing = 0;
		};
		5F9F978B2CBC490C00021BAA /* Sources */ = {
			isa = PBXSourcesBuildPhase;
			buildActionMask = 2147483647;
			files = (
				5F9F97942CBC490C00021BAA /* IOSspecimencopy1Tests.swift in Sources */,
			);
			runOnlyForDeploymentPostprocessing = 0;
		};
		5F9F97952CBC490C00021BAA /* Sources */ = {
			isa = PBXSourcesBuildPhase;
			buildActionMask = 2147483647;
			files = (
				5F9F979E2CBC490C00021BAA /* IOSspecimencopy1UITests.swift in Sources */,
				5F9F97A02CBC490C00021BAA /* IOSspecimencopy1UITestsLaunchTests.swift in Sources */,
			);
			runOnlyForDeploymentPostprocessing = 0;
		};
/* End PBXSourcesBuildPhase section */

/* Begin PBXTargetDependency section */
		5F9F97912CBC490C00021BAA /* PBXTargetDependency */ = {
			isa = PBXTargetDependency;
			target = 5F9F977E2CBC490B00021BAA /* IOSspecimencopy1 */;
			targetProxy = 5F9F97902CBC490C00021BAA /* PBXContainerItemProxy */;
		};
		5F9F979B2CBC490C00021BAA /* PBXTargetDependency */ = {
			isa = PBXTargetDependency;
			target = 5F9F977E2CBC490B00021BAA /* IOSspecimencopy1 */;
			targetProxy = 5F9F979A2CBC490C00021BAA /* PBXContainerItemProxy */;
		};
/* End PBXTargetDependency section */

/* Begin XCBuildConfiguration section */
		5F9F97A12CBC490C00021BAA /* Debug */ = {
			isa = XCBuildConfiguration;
			buildSettings = {
				ALWAYS_SEARCH_USER_PATHS = NO;
				ASSETCATALOG_COMPILER_GENERATE_SWIFT_ASSET_SYMBOL_EXTENSIONS = YES;
				CLANG_ANALYZER_NONNULL = YES;
				CLANG_ANALYZER_NUMBER_OBJECT_CONVERSION = YES_AGGRESSIVE;
				CLANG_CXX_LANGUAGE_STANDARD = "gnu++20";
				CLANG_ENABLE_MODULES = YES;
				CLANG_ENABLE_OBJC_ARC = YES;
				CLANG_ENABLE_OBJC_WEAK = YES;
				CLANG_WARN_BLOCK_CAPTURE_AUTORELEASING = YES;
				CLANG_WARN_BOOL_CONVERSION = YES;
				CLANG_WARN_COMMA = YES;
				CLANG_WARN_CONSTANT_CONVERSION = YES;
				CLANG_WARN_DEPRECATED_OBJC_IMPLEMENTATIONS = YES;
				CLANG_WARN_DIRECT_OBJC_ISA_USAGE = YES_ERROR;
				CLANG_WARN_DOCUMENTATION_COMMENTS = YES;
				CLANG_WARN_EMPTY_BODY = YES;
				CLANG_WARN_ENUM_CONVERSION = YES;
				CLANG_WARN_INFINITE_RECURSION = YES;
				CLANG_WARN_INT_CONVERSION = YES;
				CLANG_WARN_NON_LITERAL_NULL_CONVERSION = YES;
				CLANG_WARN_OBJC_IMPLICIT_RETAIN_SELF = YES;
				CLANG_WARN_OBJC_LITERAL_CONVERSION = YES;
				CLANG_WARN_OBJC_ROOT_CLASS = YES_ERROR;
				CLANG_WARN_QUOTED_INCLUDE_IN_FRAMEWORK_HEADER = YES;
				CLANG_WARN_RANGE_LOOP_ANALYSIS = YES;
				CLANG_WARN_STRICT_PROTOTYPES = YES;
				CLANG_WARN_SUSPICIOUS_MOVE = YES;
				CLANG_WARN_UNGUARDED_AVAILABILITY = YES_AGGRESSIVE;
				CLANG_WARN_UNREACHABLE_CODE = YES;
				CLANG_WARN__DUPLICATE_METHOD_MATCH = YES;
				COPY_PHASE_STRIP = NO;
				DEBUG_INFORMATION_FORMAT = dwarf;
				ENABLE_STRICT_OBJC_MSGSEND = YES;
				ENABLE_TESTABILITY = YES;
				ENABLE_USER_SCRIPT_SANDBOXING = YES;
				GCC_C_LANGUAGE_STANDARD = gnu17;
				GCC_DYNAMIC_NO_PIC = NO;
				GCC_NO_COMMON_BLOCKS = YES;
				GCC_OPTIMIZATION_LEVEL = 0;
				GCC_PREPROCESSOR_DEFINITIONS = (
					"DEBUG=1",
					"$(inherited)",
				);
				GCC_WARN_64_TO_32_BIT_CONVERSION = YES;
				GCC_WARN_ABOUT_RETURN_TYPE = YES_ERROR;
				GCC_WARN_UNDECLARED_SELECTOR = YES;
				GCC_WARN_UNINITIALIZED_AUTOS = YES_AGGRESSIVE;
				GCC_WARN_UNUSED_FUNCTION = YES;
				GCC_WARN_UNUSED_VARIABLE = YES;
				IPHONEOS_DEPLOYMENT_TARGET = 17.5;
				LOCALIZATION_PREFERS_STRING_CATALOGS = YES;
				MTL_ENABLE_DEBUG_INFO = INCLUDE_SOURCE;
				MTL_FAST_MATH = YES;
				ONLY_ACTIVE_ARCH = YES;
				SDKROOT = iphoneos;
				SWIFT_ACTIVE_COMPILATION_CONDITIONS = "DEBUG $(inherited)";
				SWIFT_OPTIMIZATION_LEVEL = "-Onone";
			};
			name = Debug;
		};
		5F9F97A22CBC490C00021BAA /* Release */ = {
			isa = XCBuildConfiguration;
			buildSettings = {
				ALWAYS_SEARCH_USER_PATHS = NO;
				ASSETCATALOG_COMPILER_GENERATE_SWIFT_ASSET_SYMBOL_EXTENSIONS = YES;
				CLANG_ANALYZER_NONNULL = YES;
				CLANG_ANALYZER_NUMBER_OBJECT_CONVERSION = YES_AGGRESSIVE;
				CLANG_CXX_LANGUAGE_STANDARD = "gnu++20";
				CLANG_ENABLE_MODULES = YES;
				CLANG_ENABLE_OBJC_ARC = YES;
				CLANG_ENABLE_OBJC_WEAK = YES;
				CLANG_WARN_BLOCK_CAPTURE_AUTORELEASING = YES;
				CLANG_WARN_BOOL_CONVERSION = YES;
				CLANG_WARN_COMMA = YES;
				CLANG_WARN_CONSTANT_CONVERSION = YES;
				CLANG_WARN_DEPRECATED_OBJC_IMPLEMENTATIONS = YES;
				CLANG_WARN_DIRECT_OBJC_ISA_USAGE = YES_ERROR;
				CLANG_WARN_DOCUMENTATION_COMMENTS = YES;
				CLANG_WARN_EMPTY_BODY = YES;
				CLANG_WARN_ENUM_CONVERSION = YES;
				CLANG_WARN_INFINITE_RECURSION = YES;
				CLANG_WARN_INT_CONVERSION = YES;
				CLANG_WARN_NON_LITERAL_NULL_CONVERSION = YES;
				CLANG_WARN_OBJC_IMPLICIT_RETAIN_SELF = YES;
				CLANG_WARN_OBJC_LITERAL_CONVERSION = YES;
				CLANG_WARN_OBJC_ROOT_CLASS = YES_ERROR;
				CLANG_WARN_QUOTED_INCLUDE_IN_FRAMEWORK_HEADER = YES;
				CLANG_WARN_RANGE_LOOP_ANALYSIS = YES;
				CLANG_WARN_STRICT_PROTOTYPES = YES;
				CLANG_WARN_SUSPICIOUS_MOVE = YES;
				CLANG_WARN_UNGUARDED_AVAILABILITY = YES_AGGRESSIVE;
				CLANG_WARN_UNREACHABLE_CODE = YES;
				CLANG_WARN__DUPLICATE_METHOD_MATCH = YES;
				COPY_PHASE_STRIP = NO;
				DEBUG_INFORMATION_FORMAT = "dwarf-with-dsym";
				ENABLE_NS_ASSERTIONS = NO;
				ENABLE_STRICT_OBJC_MSGSEND = YES;
				ENABLE_USER_SCRIPT_SANDBOXING = YES;
				GCC_C_LANGUAGE_STANDARD = gnu17;
				GCC_NO_COMMON_BLOCKS = YES;
				GCC_WARN_64_TO_32_BIT_CONVERSION = YES;
				GCC_WARN_ABOUT_RETURN_TYPE = YES_ERROR;
				GCC_WARN_UNDECLARED_SELECTOR = YES;
				GCC_WARN_UNINITIALIZED_AUTOS = YES_AGGRESSIVE;
				GCC_WARN_UNUSED_FUNCTION = YES;
				GCC_WARN_UNUSED_VARIABLE = YES;
				IPHONEOS_DEPLOYMENT_TARGET = 17.5;
				LOCALIZATION_PREFERS_STRING_CATALOGS = YES;
				MTL_ENABLE_DEBUG_INFO = NO;
				MTL_FAST_MATH = YES;
				SDKROOT = iphoneos;
				SWIFT_COMPILATION_MODE = wholemodule;
				VALIDATE_PRODUCT = YES;
			};
			name = Release;
		};
		5F9F97A42CBC490C00021BAA /* Debug */ = {
			isa = XCBuildConfiguration;
			buildSettings = {
				ASSETCATALOG_COMPILER_APPICON_NAME = AppIcon;
				ASSETCATALOG_COMPILER_GLOBAL_ACCENT_COLOR_NAME = AccentColor;
				CODE_SIGN_STYLE = Automatic;
				CURRENT_PROJECT_VERSION = 1;
				DEVELOPMENT_ASSET_PATHS = "\"IOSspecimencopy1/Preview Content\"";
				ENABLE_PREVIEWS = YES;
				GENERATE_INFOPLIST_FILE = YES;
				"INFOPLIST_FILE[sdk=*]" = "";
				INFOPLIST_KEY_UIApplicationSceneManifest_Generation = YES;
				INFOPLIST_KEY_UIApplicationSupportsIndirectInputEvents = YES;
				INFOPLIST_KEY_UILaunchScreen_Generation = YES;
				INFOPLIST_KEY_UISupportedInterfaceOrientations_iPad = "UIInterfaceOrientationPortrait UIInterfaceOrientationPortraitUpsideDown UIInterfaceOrientationLandscapeLeft UIInterfaceOrientationLandscapeRight";
				INFOPLIST_KEY_UISupportedInterfaceOrientations_iPhone = "UIInterfaceOrientationPortrait UIInterfaceOrientationLandscapeLeft UIInterfaceOrientationLandscapeRight";
				LD_RUNPATH_SEARCH_PATHS = (
					"$(inherited)",
					"@executable_path/Frameworks",
				);
				MARKETING_VERSION = 1.0;
				PRODUCT_BUNDLE_IDENTIFIER = sdsds.IOSspecimencopy1;
				PRODUCT_NAME = "$(TARGET_NAME)";
				SWIFT_EMIT_LOC_STRINGS = YES;
				SWIFT_VERSION = 5.0;
				TARGETED_DEVICE_FAMILY = "1,2";
			};
			name = Debug;
		};
		5F9F97A52CBC490C00021BAA /* Release */ = {
			isa = XCBuildConfiguration;
			buildSettings = {
				ASSETCATALOG_COMPILER_APPICON_NAME = AppIcon;
				ASSETCATALOG_COMPILER_GLOBAL_ACCENT_COLOR_NAME = AccentColor;
				CODE_SIGN_STYLE = Automatic;
				CURRENT_PROJECT_VERSION = 1;
				DEVELOPMENT_ASSET_PATHS = "\"IOSspecimencopy1/Preview Content\"";
				ENABLE_PREVIEWS = YES;
				GENERATE_INFOPLIST_FILE = YES;
				"INFOPLIST_FILE[sdk=*]" = "";
				INFOPLIST_KEY_UIApplicationSceneManifest_Generation = YES;
				INFOPLIST_KEY_UIApplicationSupportsIndirectInputEvents = YES;
				INFOPLIST_KEY_UILaunchScreen_Generation = YES;
				INFOPLIST_KEY_UISupportedInterfaceOrientations_iPad = "UIInterfaceOrientationPortrait UIInterfaceOrientationPortraitUpsideDown UIInterfaceOrientationLandscapeLeft UIInterfaceOrientationLandscapeRight";
				INFOPLIST_KEY_UISupportedInterfaceOrientations_iPhone = "UIInterfaceOrientationPortrait UIInterfaceOrientationLandscapeLeft UIInterfaceOrientationLandscapeRight";
				LD_RUNPATH_SEARCH_PATHS = (
					"$(inherited)",
					"@executable_path/Frameworks",
				);
				MARKETING_VERSION = 1.0;
				PRODUCT_BUNDLE_IDENTIFIER = sdsds.IOSspecimencopy1;
				PRODUCT_NAME = "$(TARGET_NAME)";
				SWIFT_EMIT_LOC_STRINGS = YES;
				SWIFT_VERSION = 5.0;
				TARGETED_DEVICE_FAMILY = "1,2";
			};
			name = Release;
		};
		5F9F97A72CBC490C00021BAA /* Debug */ = {
			isa = XCBuildConfiguration;
			buildSettings = {
				ALWAYS_EMBED_SWIFT_STANDARD_LIBRARIES = YES;
				BUNDLE_LOADER = "$(TEST_HOST)";
				CODE_SIGN_STYLE = Automatic;
				CURRENT_PROJECT_VERSION = 1;
				GENERATE_INFOPLIST_FILE = YES;
				IPHONEOS_DEPLOYMENT_TARGET = 17.5;
				MARKETING_VERSION = 1.0;
				PRODUCT_BUNDLE_IDENTIFIER = sdsds.IOSspecimencopy1Tests;
				PRODUCT_NAME = "$(TARGET_NAME)";
				SWIFT_EMIT_LOC_STRINGS = NO;
				SWIFT_VERSION = 5.0;
				TARGETED_DEVICE_FAMILY = "1,2";
				TEST_HOST = "$(BUILT_PRODUCTS_DIR)/IOSspecimencopy1.app/$(BUNDLE_EXECUTABLE_FOLDER_PATH)/IOSspecimencopy1";
			};
			name = Debug;
		};
		5F9F97A82CBC490C00021BAA /* Release */ = {
			isa = XCBuildConfiguration;
			buildSettings = {
				ALWAYS_EMBED_SWIFT_STANDARD_LIBRARIES = YES;
				BUNDLE_LOADER = "$(TEST_HOST)";
				CODE_SIGN_STYLE = Automatic;
				CURRENT_PROJECT_VERSION = 1;
				GENERATE_INFOPLIST_FILE = YES;
				IPHONEOS_DEPLOYMENT_TARGET = 17.5;
				MARKETING_VERSION = 1.0;
				PRODUCT_BUNDLE_IDENTIFIER = sdsds.IOSspecimencopy1Tests;
				PRODUCT_NAME = "$(TARGET_NAME)";
				SWIFT_EMIT_LOC_STRINGS = NO;
				SWIFT_VERSION = 5.0;
				TARGETED_DEVICE_FAMILY = "1,2";
				TEST_HOST = "$(BUILT_PRODUCTS_DIR)/IOSspecimencopy1.app/$(BUNDLE_EXECUTABLE_FOLDER_PATH)/IOSspecimencopy1";
			};
			name = Release;
		};
		5F9F97AA2CBC490C00021BAA /* Debug */ = {
			isa = XCBuildConfiguration;
			buildSettings = {
				ALWAYS_EMBED_SWIFT_STANDARD_LIBRARIES = YES;
				CODE_SIGN_STYLE = Automatic;
				CURRENT_PROJECT_VERSION = 1;
				GENERATE_INFOPLIST_FILE = YES;
				MARKETING_VERSION = 1.0;
				PRODUCT_BUNDLE_IDENTIFIER = sdsds.IOSspecimencopy1UITests;
				PRODUCT_NAME = "$(TARGET_NAME)";
				SWIFT_EMIT_LOC_STRINGS = NO;
				SWIFT_VERSION = 5.0;
				TARGETED_DEVICE_FAMILY = "1,2";
				TEST_TARGET_NAME = IOSspecimencopy1;
			};
			name = Debug;
		};
		5F9F97AB2CBC490C00021BAA /* Release */ = {
			isa = XCBuildConfiguration;
			buildSettings = {
				ALWAYS_EMBED_SWIFT_STANDARD_LIBRARIES = YES;
				CODE_SIGN_STYLE = Automatic;
				CURRENT_PROJECT_VERSION = 1;
				GENERATE_INFOPLIST_FILE = YES;
				MARKETING_VERSION = 1.0;
				PRODUCT_BUNDLE_IDENTIFIER = sdsds.IOSspecimencopy1UITests;
				PRODUCT_NAME = "$(TARGET_NAME)";
				SWIFT_EMIT_LOC_STRINGS = NO;
				SWIFT_VERSION = 5.0;
				TARGETED_DEVICE_FAMILY = "1,2";
				TEST_TARGET_NAME = IOSspecimencopy1;
			};
			name = Release;
		};
/* End XCBuildConfiguration section */

/* Begin XCConfigurationList section */
		5F9F977A2CBC490B00021BAA /* Build configuration list for PBXProject "IOSspecimencopy1" */ = {
			isa = XCConfigurationList;
			buildConfigurations = (
				5F9F97A12CBC490C00021BAA /* Debug */,
				5F9F97A22CBC490C00021BAA /* Release */,
			);
			defaultConfigurationIsVisible = 0;
			defaultConfigurationName = Release;
		};
		5F9F97A32CBC490C00021BAA /* Build configuration list for PBXNativeTarget "IOSspecimencopy1" */ = {
			isa = XCConfigurationList;
			buildConfigurations = (
				5F9F97A42CBC490C00021BAA /* Debug */,
				5F9F97A52CBC490C00021BAA /* Release */,
			);
			defaultConfigurationIsVisible = 0;
			defaultConfigurationName = Release;
		};
		5F9F97A62CBC490C00021BAA /* Build configuration list for PBXNativeTarget "IOSspecimencopy1Tests" */ = {
			isa = XCConfigurationList;
			buildConfigurations = (
				5F9F97A72CBC490C00021BAA /* Debug */,
				5F9F97A82CBC490C00021BAA /* Release */,
			);
			defaultConfigurationIsVisible = 0;
			defaultConfigurationName = Release;
		};
		5F9F97A92CBC490C00021BAA /* Build configuration list for PBXNativeTarget "IOSspecimencopy1UITests" */ = {
			isa = XCConfigurationList;
			buildConfigurations = (
				5F9F97AA2CBC490C00021BAA /* Debug */,
				5F9F97AB2CBC490C00021BAA /* Release */,
			);
			defaultConfigurationIsVisible = 0;
			defaultConfigurationName = Release;
		};
/* End XCConfigurationList section */

/* Begin XCRemoteSwiftPackageReference section */
		5F9F97CB2CBC4D7B00021BAA /* XCRemoteSwiftPackageReference "firebase-ios-sdk" */ = {
			isa = XCRemoteSwiftPackageReference;
			repositoryURL = "https://github.com/firebase/firebase-ios-sdk.git";
			requirement = {
				kind = upToNextMajorVersion;
				minimumVersion = 11.3.0;
			};
		};
/* End XCRemoteSwiftPackageReference section */

/* Begin XCSwiftPackageProductDependency section */
		5F9F97CC2CBC4D7B00021BAA /* FirebaseAuth */ = {
			isa = XCSwiftPackageProductDependency;
			package = 5F9F97CB2CBC4D7B00021BAA /* XCRemoteSwiftPackageReference "firebase-ios-sdk" */;
			productName = FirebaseAuth;
		};
		5F9F97CE2CBC4D7B00021BAA /* FirebaseCore */ = {
			isa = XCSwiftPackageProductDependency;
			package = 5F9F97CB2CBC4D7B00021BAA /* XCRemoteSwiftPackageReference "firebase-ios-sdk" */;
			productName = FirebaseCore;
		};
		5F9F97D02CBC4D7B00021BAA /* FirebaseDatabase */ = {
			isa = XCSwiftPackageProductDependency;
			package = 5F9F97CB2CBC4D7B00021BAA /* XCRemoteSwiftPackageReference "firebase-ios-sdk" */;
			productName = FirebaseDatabase;
		};
		5F9F97D22CBC4D7B00021BAA /* FirebaseFirestore */ = {
			isa = XCSwiftPackageProductDependency;
			package = 5F9F97CB2CBC4D7B00021BAA /* XCRemoteSwiftPackageReference "firebase-ios-sdk" */;
			productName = FirebaseFirestore;
		};
		5F9F97D42CBC4D7B00021BAA /* FirebaseStorage */ = {
			isa = XCSwiftPackageProductDependency;
			package = 5F9F97CB2CBC4D7B00021BAA /* XCRemoteSwiftPackageReference "firebase-ios-sdk" */;
			productName = FirebaseStorage;
		};
/* End XCSwiftPackageProductDependency section */
	};
	rootObject = 5F9F97772CBC490B00021BAA /* Project object */;
}
